// !$*UTF8*$!
{
	archiveVersion = 1;
	classes = {
	};
	objectVersion = 46;
	objects = {

/* Begin PBXBuildFile section */
		3D50AACB1B3397EF0078E9C2 /* main.m in Sources */ = {isa = PBXBuildFile; fileRef = 3D50AACA1B3397EF0078E9C2 /* main.m */; };
		3D50AACE1B3397EF0078E9C2 /* AppDelegate.m in Sources */ = {isa = PBXBuildFile; fileRef = 3D50AACD1B3397EF0078E9C2 /* AppDelegate.m */; };
		3D50AAD11B3397EF0078E9C2 /* ViewController.m in Sources */ = {isa = PBXBuildFile; fileRef = 3D50AAD01B3397EF0078E9C2 /* ViewController.m */; };
		3D50AAD41B3397EF0078E9C2 /* Main.storyboard in Resources */ = {isa = PBXBuildFile; fileRef = 3D50AAD21B3397EF0078E9C2 /* Main.storyboard */; };
		3D50AAD61B3397EF0078E9C2 /* Images.xcassets in Resources */ = {isa = PBXBuildFile; fileRef = 3D50AAD51B3397EF0078E9C2 /* Images.xcassets */; };
		3D50AAD91B3397EF0078E9C2 /* LaunchScreen.xib in Resources */ = {isa = PBXBuildFile; fileRef = 3D50AAD71B3397EF0078E9C2 /* LaunchScreen.xib */; };
		3D50AAE51B3397EF0078E9C2 /* FISInstaTests.m in Sources */ = {isa = PBXBuildFile; fileRef = 3D50AAE41B3397EF0078E9C2 /* FISInstaTests.m */; };
/* End PBXBuildFile section */

/* Begin PBXContainerItemProxy section */
		3D50AADF1B3397EF0078E9C2 /* PBXContainerItemProxy */ = {
			isa = PBXContainerItemProxy;
			containerPortal = 3D50AABD1B3397EF0078E9C2 /* Project object */;
			proxyType = 1;
			remoteGlobalIDString = 3D50AAC41B3397EF0078E9C2;
			remoteInfo = FISInsta;
		};
/* End PBXContainerItemProxy section */

/* Begin PBXFileReference section */
		3D50AAC51B3397EF0078E9C2 /* FISInsta.app */ = {isa = PBXFileReference; explicitFileType = wrapper.application; includeInIndex = 0; path = FISInsta.app; sourceTree = BUILT_PRODUCTS_DIR; };
		3D50AAC91B3397EF0078E9C2 /* Info.plist */ = {isa = PBXFileReference; lastKnownFileType = text.plist.xml; path = Info.plist; sourceTree = "<group>"; };
		3D50AACA1B3397EF0078E9C2 /* main.m */ = {isa = PBXFileReference; lastKnownFileType = sourcecode.c.objc; path = main.m; sourceTree = "<group>"; };
		3D50AACC1B3397EF0078E9C2 /* AppDelegate.h */ = {isa = PBXFileReference; lastKnownFileType = sourcecode.c.h; path = AppDelegate.h; sourceTree = "<group>"; };
		3D50AACD1B3397EF0078E9C2 /* AppDelegate.m */ = {isa = PBXFileReference; lastKnownFileType = sourcecode.c.objc; path = AppDelegate.m; sourceTree = "<group>"; };
		3D50AACF1B3397EF0078E9C2 /* ViewController.h */ = {isa = PBXFileReference; lastKnownFileType = sourcecode.c.h; path = ViewController.h; sourceTree = "<group>"; };
		3D50AAD01B3397EF0078E9C2 /* ViewController.m */ = {isa = PBXFileReference; lastKnownFileType = sourcecode.c.objc; path = ViewController.m; sourceTree = "<group>"; };
		3D50AAD31B3397EF0078E9C2 /* Base */ = {isa = PBXFileReference; lastKnownFileType = file.storyboard; name = Base; path = Base.lproj/Main.storyboard; sourceTree = "<group>"; };
		3D50AAD51B3397EF0078E9C2 /* Images.xcassets */ = {isa = PBXFileReference; lastKnownFileType = folder.assetcatalog; path = Images.xcassets; sourceTree = "<group>"; };
		3D50AAD81B3397EF0078E9C2 /* Base */ = {isa = PBXFileReference; lastKnownFileType = file.xib; name = Base; path = Base.lproj/LaunchScreen.xib; sourceTree = "<group>"; };
		3D50AADE1B3397EF0078E9C2 /* FISInstaTests.xctest */ = {isa = PBXFileReference; explicitFileType = wrapper.cfbundle; includeInIndex = 0; path = FISInstaTests.xctest; sourceTree = BUILT_PRODUCTS_DIR; };
		3D50AAE31B3397EF0078E9C2 /* Info.plist */ = {isa = PBXFileReference; lastKnownFileType = text.plist.xml; path = Info.plist; sourceTree = "<group>"; };
		3D50AAE41B3397EF0078E9C2 /* FISInstaTests.m */ = {isa = PBXFileReference; lastKnownFileType = sourcecode.c.objc; path = FISInstaTests.m; sourceTree = "<group>"; };
/* End PBXFileReference section */

/* Begin PBXFrameworksBuildPhase section */
		3D50AAC21B3397EF0078E9C2 /* Frameworks */ = {
			isa = PBXFrameworksBuildPhase;
			buildActionMask = 2147483647;
			files = (
			);
			runOnlyForDeploymentPostprocessing = 0;
		};
		3D50AADB1B3397EF0078E9C2 /* Frameworks */ = {
			isa = PBXFrameworksBuildPhase;
			buildActionMask = 2147483647;
			files = (
			);
			runOnlyForDeploymentPostprocessing = 0;
		};
/* End PBXFrameworksBuildPhase section */

/* Begin PBXGroup section */
		3D50AABC1B3397EF0078E9C2 = {
			isa = PBXGroup;
			children = (
				3D50AAC71B3397EF0078E9C2 /* FISInsta */,
				3D50AAE11B3397EF0078E9C2 /* FISInstaTests */,
				3D50AAC61B3397EF0078E9C2 /* Products */,
			);
			sourceTree = "<group>";
		};
		3D50AAC61B3397EF0078E9C2 /* Products */ = {
			isa = PBXGroup;
			children = (
				3D50AAC51B3397EF0078E9C2 /* FISInsta.app */,
				3D50AADE1B3397EF0078E9C2 /* FISInstaTests.xctest */,
			);
			name = Products;
			sourceTree = "<group>";
		};
		3D50AAC71B3397EF0078E9C2 /* FISInsta */ = {
			isa = PBXGroup;
			children = (
				3D50AACC1B3397EF0078E9C2 /* AppDelegate.h */,
				3D50AACD1B3397EF0078E9C2 /* AppDelegate.m */,
				3D50AACF1B3397EF0078E9C2 /* ViewController.h */,
				3D50AAD01B3397EF0078E9C2 /* ViewController.m */,
				3D50AAD21B3397EF0078E9C2 /* Main.storyboard */,
				3D50AAD51B3397EF0078E9C2 /* Images.xcassets */,
				3D50AAD71B3397EF0078E9C2 /* LaunchScreen.xib */,
				3D50AAC81B3397EF0078E9C2 /* Supporting Files */,
			);
			path = FISInsta;
			sourceTree = "<group>";
		};
		3D50AAC81B3397EF0078E9C2 /* Supporting Files */ = {
			isa = PBXGroup;
			children = (
				3D50AAC91B3397EF0078E9C2 /* Info.plist */,
				3D50AACA1B3397EF0078E9C2 /* main.m */,
			);
			name = "Supporting Files";
			sourceTree = "<group>";
		};
		3D50AAE11B3397EF0078E9C2 /* FISInstaTests */ = {
			isa = PBXGroup;
			children = (
				3D50AAE41B3397EF0078E9C2 /* FISInstaTests.m */,
				3D50AAE21B3397EF0078E9C2 /* Supporting Files */,
			);
			path = FISInstaTests;
			sourceTree = "<group>";
		};
		3D50AAE21B3397EF0078E9C2 /* Supporting Files */ = {
			isa = PBXGroup;
			children = (
				3D50AAE31B3397EF0078E9C2 /* Info.plist */,
			);
			name = "Supporting Files";
			sourceTree = "<group>";
		};
/* End PBXGroup section */

/* Begin PBXNativeTarget section */
		3D50AAC41B3397EF0078E9C2 /* FISInsta */ = {
			isa = PBXNativeTarget;
			buildConfigurationList = 3D50AAE81B3397EF0078E9C2 /* Build configuration list for PBXNativeTarget "FISInsta" */;
			buildPhases = (
				3D50AAC11B3397EF0078E9C2 /* Sources */,
				3D50AAC21B3397EF0078E9C2 /* Frameworks */,
				3D50AAC31B3397EF0078E9C2 /* Resources */,
			);
			buildRules = (
			);
			dependencies = (
			);
			name = FISInsta;
			productName = FISInsta;
			productReference = 3D50AAC51B3397EF0078E9C2 /* FISInsta.app */;
			productType = "com.apple.product-type.application";
		};
		3D50AADD1B3397EF0078E9C2 /* FISInstaTests */ = {
			isa = PBXNativeTarget;
			buildConfigurationList = 3D50AAEB1B3397EF0078E9C2 /* Build configuration list for PBXNativeTarget "FISInstaTests" */;
			buildPhases = (
				3D50AADA1B3397EF0078E9C2 /* Sources */,
				3D50AADB1B3397EF0078E9C2 /* Frameworks */,
				3D50AADC1B3397EF0078E9C2 /* Resources */,
			);
			buildRules = (
			);
			dependencies = (
				3D50AAE01B3397EF0078E9C2 /* PBXTargetDependency */,
			);
			name = FISInstaTests;
			productName = FISInstaTests;
			productReference = 3D50AADE1B3397EF0078E9C2 /* FISInstaTests.xctest */;
			productType = "com.apple.product-type.bundle.unit-test";
		};
/* End PBXNativeTarget section */

/* Begin PBXProject section */
		3D50AABD1B3397EF0078E9C2 /* Project object */ = {
			isa = PBXProject;
			attributes = {
				LastUpgradeCheck = 0630;
				ORGANIZATIONNAME = "Cong Sun";
				TargetAttributes = {
					3D50AAC41B3397EF0078E9C2 = {
						CreatedOnToolsVersion = 6.3.2;
					};
					3D50AADD1B3397EF0078E9C2 = {
						CreatedOnToolsVersion = 6.3.2;
						TestTargetID = 3D50AAC41B3397EF0078E9C2;
					};
				};
			};
			buildConfigurationList = 3D50AAC01B3397EF0078E9C2 /* Build configuration list for PBXProject "FISInsta" */;
			compatibilityVersion = "Xcode 3.2";
			developmentRegion = English;
			hasScannedForEncodings = 0;
			knownRegions = (
				en,
				Base,
			);
			mainGroup = 3D50AABC1B3397EF0078E9C2;
			productRefGroup = 3D50AAC61B3397EF0078E9C2 /* Products */;
			projectDirPath = "";
			projectRoot = "";
			targets = (
				3D50AAC41B3397EF0078E9C2 /* FISInsta */,
				3D50AADD1B3397EF0078E9C2 /* FISInstaTests */,
			);
		};
/* End PBXProject section */

/* Begin PBXResourcesBuildPhase section */
		3D50AAC31B3397EF0078E9C2 /* Resources */ = {
			isa = PBXResourcesBuildPhase;
			buildActionMask = 2147483647;
			files = (
				3D50AAD41B3397EF0078E9C2 /* Main.storyboard in Resources */,
				3D50AAD91B3397EF0078E9C2 /* LaunchScreen.xib in Resources */,
				3D50AAD61B3397EF0078E9C2 /* Images.xcassets in Resources */,
			);
			runOnlyForDeploymentPostprocessing = 0;
		};
		3D50AADC1B3397EF0078E9C2 /* Resources */ = {
			isa = PBXResourcesBuildPhase;
			buildActionMask = 2147483647;
			files = (
			);
			runOnlyForDeploymentPostprocessing = 0;
		};
/* End PBXResourcesBuildPhase section */

/* Begin PBXSourcesBuildPhase section */
		3D50AAC11B3397EF0078E9C2 /* Sources */ = {
			isa = PBXSourcesBuildPhase;
			buildActionMask = 2147483647;
			files = (
				3D50AAD11B3397EF0078E9C2 /* ViewController.m in Sources */,
				3D50AACE1B3397EF0078E9C2 /* AppDelegate.m in Sources */,
				3D50AACB1B3397EF0078E9C2 /* main.m in Sources */,
			);
			runOnlyForDeploymentPostprocessing = 0;
		};
		3D50AADA1B3397EF0078E9C2 /* Sources */ = {
			isa = PBXSourcesBuildPhase;
			buildActionMask = 2147483647;
			files = (
				3D50AAE51B3397EF0078E9C2 /* FISInstaTests.m in Sources */,
			);
			runOnlyForDeploymentPostprocessing = 0;
		};
/* End PBXSourcesBuildPhase section */

/* Begin PBXTargetDependency section */
		3D50AAE01B3397EF0078E9C2 /* PBXTargetDependency */ = {
			isa = PBXTargetDependency;
			target = 3D50AAC41B3397EF0078E9C2 /* FISInsta */;
			targetProxy = 3D50AADF1B3397EF0078E9C2 /* PBXContainerItemProxy */;
		};
/* End PBXTargetDependency section */

/* Begin PBXVariantGroup section */
		3D50AAD21B3397EF0078E9C2 /* Main.storyboard */ = {
			isa = PBXVariantGroup;
			children = (
				3D50AAD31B3397EF0078E9C2 /* Base */,
			);
			name = Main.storyboard;
			sourceTree = "<group>";
		};
		3D50AAD71B3397EF0078E9C2 /* LaunchScreen.xib */ = {
			isa = PBXVariantGroup;
			children = (
				3D50AAD81B3397EF0078E9C2 /* Base */,
			);
			name = LaunchScreen.xib;
			sourceTree = "<group>";
		};
/* End PBXVariantGroup section */

/* Begin XCBuildConfiguration section */
		3D50AAE61B3397EF0078E9C2 /* Debug */ = {
			isa = XCBuildConfiguration;
			buildSettings = {
				ALWAYS_SEARCH_USER_PATHS = NO;
				CLANG_CXX_LANGUAGE_STANDARD = "gnu++0x";
				CLANG_CXX_LIBRARY = "libc++";
				CLANG_ENABLE_MODULES = YES;
				CLANG_ENABLE_OBJC_ARC = YES;
				CLANG_WARN_BOOL_CONVERSION = YES;
				CLANG_WARN_CONSTANT_CONVERSION = YES;
				CLANG_WARN_DIRECT_OBJC_ISA_USAGE = YES_ERROR;
				CLANG_WARN_EMPTY_BODY = YES;
				CLANG_WARN_ENUM_CONVERSION = YES;
				CLANG_WARN_INT_CONVERSION = YES;
				CLANG_WARN_OBJC_ROOT_CLASS = YES_ERROR;
				CLANG_WARN_UNREACHABLE_CODE = YES;
				CLANG_WARN__DUPLICATE_METHOD_MATCH = YES;
				"CODE_SIGN_IDENTITY[sdk=iphoneos*]" = "iPhone Developer";
				COPY_PHASE_STRIP = NO;
				DEBUG_INFORMATION_FORMAT = "dwarf-with-dsym";
				ENABLE_STRICT_OBJC_MSGSEND = YES;
				GCC_C_LANGUAGE_STANDARD = gnu99;
				GCC_DYNAMIC_NO_PIC = NO;
				GCC_NO_COMMON_BLOCKS = YES;
				GCC_OPTIMIZATION_LEVEL = 0;
				GCC_PREPROCESSOR_DEFINITIONS = (
					"DEBUG=1",
					"$(inherited)",
				);
				GCC_SYMBOLS_PRIVATE_EXTERN = NO;
				GCC_WARN_64_TO_32_BIT_CONVERSION = YES;
				GCC_WARN_ABOUT_RETURN_TYPE = YES_ERROR;
				GCC_WARN_UNDECLARED_SELECTOR = YES;
				GCC_WARN_UNINITIALIZED_AUTOS = YES_AGGRESSIVE;
				GCC_WARN_UNUSED_FUNCTION = YES;
				GCC_WARN_UNUSED_VARIABLE = YES;
				IPHONEOS_DEPLOYMENT_TARGET = 8.3;
				MTL_ENABLE_DEBUG_INFO = YES;
				ONLY_ACTIVE_ARCH = YES;
				SDKROOT = iphoneos;
			};
			name = Debug;
		};
		3D50AAE71B3397EF0078E9C2 /* Release */ = {
			isa = XCBuildConfiguration;
			buildSettings = {
				ALWAYS_SEARCH_USER_PATHS = NO;
				CLANG_CXX_LANGUAGE_STANDARD = "gnu++0x";
				CLANG_CXX_LIBRARY = "libc++";
				CLANG_ENABLE_MODULES = YES;
				CLANG_ENABLE_OBJC_ARC = YES;
				CLANG_WARN_BOOL_CONVERSION = YES;
				CLANG_WARN_CONSTANT_CONVERSION = YES;
				CLANG_WARN_DIRECT_OBJC_ISA_USAGE = YES_ERROR;
				CLANG_WARN_EMPTY_BODY = YES;
				CLANG_WARN_ENUM_CONVERSION = YES;
				CLANG_WARN_INT_CONVERSION = YES;
				CLANG_WARN_OBJC_ROOT_CLASS = YES_ERROR;
				CLANG_WARN_UNREACHABLE_CODE = YES;
				CLANG_WARN__DUPLICATE_METHOD_MATCH = YES;
				"CODE_SIGN_IDENTITY[sdk=iphoneos*]" = "iPhone Developer";
				COPY_PHASE_STRIP = NO;
				DEBUG_INFORMATION_FORMAT = "dwarf-with-dsym";
				ENABLE_NS_ASSERTIONS = NO;
				ENABLE_STRICT_OBJC_MSGSEND = YES;
				GCC_C_LANGUAGE_STANDARD = gnu99;
				GCC_NO_COMMON_BLOCKS = YES;
				GCC_WARN_64_TO_32_BIT_CONVERSION = YES;
				GCC_WARN_ABOUT_RETURN_TYPE = YES_ERROR;
				GCC_WARN_UNDECLARED_SELECTOR = YES;
				GCC_WARN_UNINITIALIZED_AUTOS = YES_AGGRESSIVE;
				GCC_WARN_UNUSED_FUNCTION = YES;
				GCC_WARN_UNUSED_VARIABLE = YES;
				IPHONEOS_DEPLOYMENT_TARGET = 8.3;
				MTL_ENABLE_DEBUG_INFO = NO;
				SDKROOT = iphoneos;
				VALIDATE_PRODUCT = YES;
			};
			name = Release;
		};
		3D50AAE91B3397EF0078E9C2 /* Debug */ = {
			isa = XCBuildConfiguration;
			buildSettings = {
				ASSETCATALOG_COMPILER_APPICON_NAME = AppIcon;
				INFOPLIST_FILE = FISInsta/Info.plist;
				LD_RUNPATH_SEARCH_PATHS = "$(inherited) @executable_path/Frameworks";
				PRODUCT_NAME = "$(TARGET_NAME)";
			};
			name = Debug;
		};
		3D50AAEA1B3397EF0078E9C2 /* Release */ = {
			isa = XCBuildConfiguration;
			buildSettings = {
				ASSETCATALOG_COMPILER_APPICON_NAME = AppIcon;
				INFOPLIST_FILE = FISInsta/Info.plist;
				LD_RUNPATH_SEARCH_PATHS = "$(inherited) @executable_path/Frameworks";
				PRODUCT_NAME = "$(TARGET_NAME)";
			};
			name = Release;
		};
		3D50AAEC1B3397EF0078E9C2 /* Debug */ = {
			isa = XCBuildConfiguration;
			buildSettings = {
				BUNDLE_LOADER = "$(TEST_HOST)";
				FRAMEWORK_SEARCH_PATHS = (
					"$(SDKROOT)/Developer/Library/Frameworks",
					"$(inherited)",
				);
				GCC_PREPROCESSOR_DEFINITIONS = (
					"DEBUG=1",
					"$(inherited)",
				);
				INFOPLIST_FILE = FISInstaTests/Info.plist;
				LD_RUNPATH_SEARCH_PATHS = "$(inherited) @executable_path/Frameworks @loader_path/Frameworks";
				PRODUCT_NAME = "$(TARGET_NAME)";
				TEST_HOST = "$(BUILT_PRODUCTS_DIR)/FISInsta.app/FISInsta";
			};
			name = Debug;
		};
		3D50AAED1B3397EF0078E9C2 /* Release */ = {
			isa = XCBuildConfiguration;
			buildSettings = {
				BUNDLE_LOADER = "$(TEST_HOST)";
				FRAMEWORK_SEARCH_PATHS = (
					"$(SDKROOT)/Developer/Library/Frameworks",
					"$(inherited)",
				);
				INFOPLIST_FILE = FISInstaTests/Info.plist;
				LD_RUNPATH_SEARCH_PATHS = "$(inherited) @executable_path/Frameworks @loader_path/Frameworks";
				PRODUCT_NAME = "$(TARGET_NAME)";
				TEST_HOST = "$(BUILT_PRODUCTS_DIR)/FISInsta.app/FISInsta";
			};
			name = Release;
		};
/* End XCBuildConfiguration section */

/* Begin XCConfigurationList section */
		3D50AAC01B3397EF0078E9C2 /* Build configuration list for PBXProject "FISInsta" */ = {
			isa = XCConfigurationList;
			buildConfigurations = (
				3D50AAE61B3397EF0078E9C2 /* Debug */,
				3D50AAE71B3397EF0078E9C2 /* Release */,
			);
			defaultConfigurationIsVisible = 0;
			defaultConfigurationName = Release;
		};
		3D50AAE81B3397EF0078E9C2 /* Build configuration list for PBXNativeTarget "FISInsta" */ = {
			isa = XCConfigurationList;
			buildConfigurations = (
				3D50AAE91B3397EF0078E9C2 /* Debug */,
				3D50AAEA1B3397EF0078E9C2 /* Release */,
			);
			defaultConfigurationIsVisible = 0;
		};
		3D50AAEB1B3397EF0078E9C2 /* Build configuration list for PBXNativeTarget "FISInstaTests" */ = {
			isa = XCConfigurationList;
			buildConfigurations = (
				3D50AAEC1B3397EF0078E9C2 /* Debug */,
				3D50AAED1B3397EF0078E9C2 /* Release */,
			);
			defaultConfigurationIsVisible = 0;
		};
/* End XCConfigurationList section */
	};
	rootObject = 3D50AABD1B3397EF0078E9C2 /* Project object */;
}
